
Microsoft Visual Studio Solution File, Format Version 10.00
# Visual Studio 2008
Project("{8BC9CEB8-8B4A-11D0-8D11-00A0C91BC942}") = "NetSocket", "NetSocket\NetSocket.vcproj", "{9AAD857E-8950-4173-BF3D-61A0C773E378}"
EndProject
Global
	GlobalSection(SolutionConfigurationPlatforms) = preSolution
		Debug|Win32 = Debug|Win32
		Release|Win32 = Release|Win32
	EndGlobalSection
	GlobalSection(ProjectConfigurationPlatforms) = postSolution
		{9AAD857E-8950-4173-BF3D-61A0C773E378}.Debug|Win32.ActiveCfg = Debug|Win32
		{9AAD857E-8950-4173-BF3D-61A0C773E378}.Debug|Win32.Build.0 = Debug|Win32
		{9AAD857E-8950-4173-BF3D-61A0C773E378}.Release|Win32.ActiveCfg = Release|Win32
		{9AAD857E-8950-4173-BF3D-61A0C773E378}.Release|Win32.Build.0 = Release|Win32
	EndGlobalSection
	GlobalSection(SolutionProperties) = preSolution
		HideSolutionNode = FALSE
	EndGlobalSection
EndGlobal
